github.com/theNewDynamic/gohugo-theme-ananke v0.0.0-20230203204610-a1a99cf12681 h1:iPc5eu4EV8YZEOh1WsTqLcQmqj96TbqI+BGpBD4a5lo=
github.com/theNewDynamic/gohugo-theme-ananke v0.0.0-20230203204610-a1a99cf12681/go.mod h1:yY14BLqqh5G61rO81YcJKMHY1rClY5iIiUK+K2JKSUM=
github.com/willfaught/paige v0.75.0 h1:ZwneL6YjYif4MQ6ROnbiQX9apY5hXoplsVPPt3kTgRI=
github.com/willfaught/paige v0.75.0/go.mod h1:0Nt8ifl7UVYQIBaMtpZmg+BrQHHzFNqKcrBoA2Oo4/E=
